{
  "name": "iptv-webos",
  "version": "1.1.0",
  "lockfileVersion": 3,
  "requires": true,
  "packages": {
    "": {
      "name": "iptv-webos",
      "version": "1.0.0",
      "license": "GPL-3.0-only",
      "dependencies": {
        "@enact/core": "^4.8.0",
        "@enact/i18n": "^4.8.0",
        "@enact/sandstone": "^2.8.0",
        "@enact/spotlight": "^4.8.0",
        "@enact/ui": "^4.8.0",
        "@enact/webos": "^5.4.2",
        "@types/node": "^20.11.5",
        "@types/react": "^18.2.48",
        "@types/react-dom": "^18.2.18",
        "hls.js": "^1.6.15",
        "prop-types": "^15.8.1",
        "react": "^18.2.0",
        "react-dom": "^18.2.0",
        "typescript": "^5.3.3",
        "web-vitals": "^3.5.1"
      },
      "devDependencies": {
        "eslint-config-enact-proxy": "^1.0.7"
      }
    },
    "node_modules/@enact/core": {
      "version": "4.9.8",
      "license": "Apache-2.0",
      "dependencies": {
        "classnames": "^2.5.1",
        "invariant": "^2.2.4",
        "prop-types": "^15.8.1",
        "ramda": "^0.30.1",
        "react": "^18.3.1",
        "react-dom": "^18.3.1",
        "react-is": "^18.3.1",
        "warning": "^4.0.3"
      }
    },
    "node_modules/@enact/i18n": {
      "version": "4.9.8",
      "license": "Apache-2.0",
      "dependencies": {
        "@enact/core": "^4.9.8",
        "prop-types": "^15.8.1",
        "ramda": "^0.30.1",
        "react": "^18.3.1",
        "react-dom": "^18.3.1",
        "xhr": "^2.6.0"
      },
      "peerDependencies": {
        "ilib": "^14.20.0 || ^14.20.0-webos1"
      }
    },
    "node_modules/@enact/sandstone": {
      "version": "2.9.13",
      "license": "Apache-2.0",
      "dependencies": {
        "@enact/core": "^4.9.8",
        "@enact/i18n": "^4.9.8",
        "@enact/spotlight": "^4.9.8",
        "@enact/ui": "^4.9.8",
        "@enact/webos": "^4.9.8",
        "classnames": "^2.5.1",
        "ilib": "^14.20.0",
        "invariant": "^2.2.4",
        "prop-types": "^15.8.1",
        "ramda": "^0.30.1",
        "react": "^18.3.1",
        "react-dom": "^18.3.1",
        "warning": "^4.0.3"
      },
      "peerDependencies": {
        "ilib": "^14.20.0 || ^14.20.0-webos1"
      }
    },
    "node_modules/@enact/sandstone/node_modules/@enact/webos": {
      "version": "4.9.8",
      "license": "Apache-2.0",
      "dependencies": {
        "@enact/core": "^4.9.8",
        "prop-types": "^15.8.1",
        "react": "^18.3.1",
        "react-dom": "^18.3.1"
      }
    },
    "node_modules/@enact/spotlight": {
      "version": "4.9.8",
      "license": "Apache-2.0",
      "dependencies": {
        "@enact/core": "^4.9.8",
        "classnames": "^2.5.1",
        "prop-types": "^15.8.1",
        "ramda": "^0.30.1",
        "react": "^18.3.1",
        "react-dom": "^18.3.1",
        "warning": "^4.0.3"
      }
    },
    "node_modules/@enact/ui": {
      "version": "4.9.8",
      "license": "Apache-2.0",
      "dependencies": {
        "@enact/core": "^4.9.8",
        "classnames": "^2.5.1",
        "direction": "^1.0.4",
        "invariant": "^2.2.4",
        "prop-types": "^15.8.1",
        "ramda": "^0.30.1",
        "react": "^18.3.1",
        "react-dom": "^18.3.1",
        "react-is": "^18.3.1",
        "warning": "^4.0.3"
      }
    },
    "node_modules/@enact/webos": {
      "version": "5.4.2",
      "license": "Apache-2.0",
      "dependencies": {
        "@enact/core": "^5.4.2",
        "prop-types": "^15.8.1",
        "react": "^19.2.3",
        "react-dom": "^19.2.3"
      }
    },
    "node_modules/@enact/webos/node_modules/@enact/core": {
      "version": "5.4.2",
      "license": "Apache-2.0",
      "dependencies": {
        "classnames": "^2.5.1",
        "invariant": "^2.2.4",
        "prop-types": "^15.8.1",
        "ramda": "^0.32.0",
        "react": "^19.2.3",
        "react-dom": "^19.2.3",
        "react-is": "^19.2.3",
        "warning": "^4.0.3"
      }
    },
    "node_modules/@enact/webos/node_modules/ramda": {
      "version": "0.32.0",
      "license": "MIT",
      "funding": {
        "type": "opencollective",
        "url": "https://opencollective.com/ramda"
      }
    },
    "node_modules/@enact/webos/node_modules/react": {
      "version": "19.2.4",
      "license": "MIT",
      "engines": {
        "node": ">=0.10.0"
      }
    },
    "node_modules/@enact/webos/node_modules/react-dom": {
      "version": "19.2.4",
      "license": "MIT",
      "dependencies": {
        "scheduler": "^0.27.0"
      },
      "peerDependencies": {
        "react": "^19.2.4"
      }
    },
    "node_modules/@enact/webos/node_modules/react-is": {
      "version": "19.2.4",
      "license": "MIT"
    },
    "node_modules/@enact/webos/node_modules/scheduler": {
      "version": "0.27.0",
      "license": "MIT"
    },
    "node_modules/@types/node": {
      "version": "20.19.33",
      "license": "MIT",
      "dependencies": {
        "undici-types": "~6.21.0"
      }
    },
    "node_modules/@types/prop-types": {
      "version": "15.7.15",
      "license": "MIT"
    },
    "node_modules/@types/react": {
      "version": "18.3.28",
      "license": "MIT",
      "dependencies": {
        "@types/prop-types": "*",
        "csstype": "^3.2.2"
      }
    },
    "node_modules/@types/react-dom": {
      "version": "18.3.7",
      "license": "MIT",
      "peerDependencies": {
        "@types/react": "^18.0.0"
      }
    },
    "node_modules/classnames": {
      "version": "2.5.1",
      "license": "MIT"
    },
    "node_modules/csstype": {
      "version": "3.2.3",
      "license": "MIT"
    },
    "node_modules/direction": {
      "version": "1.0.4",
      "license": "MIT",
      "bin": {
        "direction": "cli.js"
      },
      "funding": {
        "type": "github",
        "url": "https://github.com/sponsors/wooorm"
      }
    },
    "node_modules/dom-walk": {
      "version": "0.1.2"
    },
    "node_modules/eslint-config-enact-proxy": {
      "version": "1.0.9",
      "dev": true,
      "license": "Apache-2.0",
      "dependencies": {
        "semver": "^7.6.3"
      }
    },
    "node_modules/eslint-config-enact-proxy/node_modules/semver": {
      "version": "7.6.3",
      "dev": true,
      "license": "ISC",
      "bin": {
        "semver": "bin/semver.js"
      },
      "engines": {
        "node": ">=10"
      }
    },
    "node_modules/global": {
      "version": "4.4.0",
      "license": "MIT",
      "dependencies": {
        "min-document": "^2.19.0",
        "process": "^0.11.10"
      }
    },
    "node_modules/hls.js": {
      "version": "1.6.15",
      "license": "Apache-2.0"
    },
    "node_modules/ilib": {
      "version": "14.21.1",
      "license": "Apache-2.0"
    },
    "node_modules/invariant": {
      "version": "2.2.4",
      "license": "MIT",
      "dependencies": {
        "loose-envify": "^1.0.0"
      }
    },
    "node_modules/is-function": {
      "version": "1.0.2",
      "license": "MIT"
    },
    "node_modules/js-tokens": {
      "version": "4.0.0",
      "license": "MIT"
    },
    "node_modules/loose-envify": {
      "version": "1.4.0",
      "license": "MIT",
      "dependencies": {
        "js-tokens": "^3.0.0 || ^4.0.0"
      },
      "bin": {
        "loose-envify": "cli.js"
      }
    },
    "node_modules/min-document": {
      "version": "2.19.2",
      "license": "MIT",
      "dependencies": {
        "dom-walk": "^0.1.0"
      }
    },
    "node_modules/object-assign": {
      "version": "4.1.1",
      "license": "MIT",
      "engines": {
        "node": ">=0.10.0"
      }
    },
    "node_modules/parse-headers": {
      "version": "2.0.6",
      "license": "MIT"
    },
    "node_modules/process": {
      "version": "0.11.10",
      "license": "MIT",
      "engines": {
        "node": ">= 0.6.0"
      }
    },
    "node_modules/prop-types": {
      "version": "15.8.1",
      "license": "MIT",
      "dependencies": {
        "loose-envify": "^1.4.0",
        "object-assign": "^4.1.1",
        "react-is": "^16.13.1"
      }
    },
    "node_modules/prop-types/node_modules/react-is": {
      "version": "16.13.1",
      "license": "MIT"
    },
    "node_modules/ramda": {
      "version": "0.30.1",
      "license": "MIT",
      "funding": {
        "type": "opencollective",
        "url": "https://opencollective.com/ramda"
      }
    },
    "node_modules/react": {
      "version": "18.3.1",
      "license": "MIT",
      "dependencies": {
        "loose-envify": "^1.1.0"
      },
      "engines": {
        "node": ">=0.10.0"
      }
    },
    "node_modules/react-dom": {
      "version": "18.3.1",
      "license": "MIT",
      "dependencies": {
        "loose-envify": "^1.1.0",
        "scheduler": "^0.23.2"
      },
      "peerDependencies": {
        "react": "^18.3.1"
      }
    },
    "node_modules/react-is": {
      "version": "18.3.1",
      "license": "MIT"
    },
    "node_modules/scheduler": {
      "version": "0.23.2",
      "license": "MIT",
      "dependencies": {
        "loose-envify": "^1.1.0"
      }
    },
    "node_modules/typescript": {
      "version": "5.9.3",
      "license": "Apache-2.0",
      "bin": {
        "tsc": "bin/tsc",
        "tsserver": "bin/tsserver"
      },
      "engines": {
        "node": ">=14.17"
      }
    },
    "node_modules/undici-types": {
      "version": "6.21.0",
      "license": "MIT"
    },
    "node_modules/warning": {
      "version": "4.0.3",
      "license": "MIT",
      "dependencies": {
        "loose-envify": "^1.0.0"
      }
    },
    "node_modules/web-vitals": {
      "version": "3.5.2",
      "license": "Apache-2.0"
    },
    "node_modules/xhr": {
      "version": "2.6.0",
      "license": "MIT",
      "dependencies": {
        "global": "~4.4.0",
        "is-function": "^1.0.1",
        "parse-headers": "^2.0.0",
        "xtend": "^4.0.0"
      }
    },
    "node_modules/xtend": {
      "version": "4.0.2",
      "license": "MIT",
      "engines": {
        "node": ">=0.4"
      }
    }
  }
}
